// !$*UTF8*$!
{
	archiveVersion = 1;
	classes = {
	};
	objectVersion = 56;
	objects = {

/* Begin PBXBuildFile section */
		03509D3F2A81857F00A11ECC /* AppDelegate.swift in Sources */ = {isa = PBXBuildFile; fileRef = 03509D3E2A81857F00A11ECC /* AppDelegate.swift */; };
		03509D412A81857F00A11ECC /* SceneDelegate.swift in Sources */ = {isa = PBXBuildFile; fileRef = 03509D402A81857F00A11ECC /* SceneDelegate.swift */; };
		03509D462A81857F00A11ECC /* Main.storyboard in Resources */ = {isa = PBXBuildFile; fileRef = 03509D442A81857F00A11ECC /* Main.storyboard */; };
		03509D482A81858100A11ECC /* Assets.xcassets in Resources */ = {isa = PBXBuildFile; fileRef = 03509D472A81858100A11ECC /* Assets.xcassets */; };
		03509D4B2A81858100A11ECC /* LaunchScreen.storyboard in Resources */ = {isa = PBXBuildFile; fileRef = 03509D492A81858100A11ECC /* LaunchScreen.storyboard */; };
		03509D592A81862A00A11ECC /* MainTabController.swift in Sources */ = {isa = PBXBuildFile; fileRef = 03509D582A81862A00A11ECC /* MainTabController.swift */; };
		03509D5B2A8188EB00A11ECC /* FeedController.swift in Sources */ = {isa = PBXBuildFile; fileRef = 03509D5A2A8188EB00A11ECC /* FeedController.swift */; };
		03509D5D2A81891D00A11ECC /* ExploreController.swift in Sources */ = {isa = PBXBuildFile; fileRef = 03509D5C2A81891D00A11ECC /* ExploreController.swift */; };
		03509D5F2A81893400A11ECC /* NotificationsController.swift in Sources */ = {isa = PBXBuildFile; fileRef = 03509D5E2A81893400A11ECC /* NotificationsController.swift */; };
		03509D612A81894200A11ECC /* ConversationsController.swift in Sources */ = {isa = PBXBuildFile; fileRef = 03509D602A81894200A11ECC /* ConversationsController.swift */; };
		03509D632A8190A100A11ECC /* Extensions.swift in Sources */ = {isa = PBXBuildFile; fileRef = 03509D622A8190A100A11ECC /* Extensions.swift */; };
		03509D672A81A4C700A11ECC /* LoginController.swift in Sources */ = {isa = PBXBuildFile; fileRef = 03509D662A81A4C700A11ECC /* LoginController.swift */; };
		03509D692A81A51900A11ECC /* RegistrationController.swift in Sources */ = {isa = PBXBuildFile; fileRef = 03509D682A81A51900A11ECC /* RegistrationController.swift */; };
/* End PBXBuildFile section */

/* Begin PBXFileReference section */
		03509D3B2A81857F00A11ECC /* TwitterTutorial.app */ = {isa = PBXFileReference; explicitFileType = wrapper.application; includeInIndex = 0; path = TwitterTutorial.app; sourceTree = BUILT_PRODUCTS_DIR; };
		03509D3E2A81857F00A11ECC /* AppDelegate.swift */ = {isa = PBXFileReference; lastKnownFileType = sourcecode.swift; path = AppDelegate.swift; sourceTree = "<group>"; };
		03509D402A81857F00A11ECC /* SceneDelegate.swift */ = {isa = PBXFileReference; lastKnownFileType = sourcecode.swift; path = SceneDelegate.swift; sourceTree = "<group>"; };
		03509D452A81857F00A11ECC /* Base */ = {isa = PBXFileReference; lastKnownFileType = file.storyboard; name = Base; path = Base.lproj/Main.storyboard; sourceTree = "<group>"; };
		03509D472A81858100A11ECC /* Assets.xcassets */ = {isa = PBXFileReference; lastKnownFileType = folder.assetcatalog; path = Assets.xcassets; sourceTree = "<group>"; };
		03509D4A2A81858100A11ECC /* Base */ = {isa = PBXFileReference; lastKnownFileType = file.storyboard; name = Base; path = Base.lproj/LaunchScreen.storyboard; sourceTree = "<group>"; };
		03509D4C2A81858100A11ECC /* Info.plist */ = {isa = PBXFileReference; lastKnownFileType = text.plist.xml; path = Info.plist; sourceTree = "<group>"; };
		03509D582A81862A00A11ECC /* MainTabController.swift */ = {isa = PBXFileReference; lastKnownFileType = sourcecode.swift; path = MainTabController.swift; sourceTree = "<group>"; };
		03509D5A2A8188EB00A11ECC /* FeedController.swift */ = {isa = PBXFileReference; lastKnownFileType = sourcecode.swift; path = FeedController.swift; sourceTree = "<group>"; };
		03509D5C2A81891D00A11ECC /* ExploreController.swift */ = {isa = PBXFileReference; lastKnownFileType = sourcecode.swift; path = ExploreController.swift; sourceTree = "<group>"; };
		03509D5E2A81893400A11ECC /* NotificationsController.swift */ = {isa = PBXFileReference; lastKnownFileType = sourcecode.swift; path = NotificationsController.swift; sourceTree = "<group>"; };
		03509D602A81894200A11ECC /* ConversationsController.swift */ = {isa = PBXFileReference; lastKnownFileType = sourcecode.swift; path = ConversationsController.swift; sourceTree = "<group>"; };
		03509D622A8190A100A11ECC /* Extensions.swift */ = {isa = PBXFileReference; lastKnownFileType = sourcecode.swift; name = Extensions.swift; path = TwitterTutorial/Extensions.swift; sourceTree = SOURCE_ROOT; };
		03509D662A81A4C700A11ECC /* LoginController.swift */ = {isa = PBXFileReference; lastKnownFileType = sourcecode.swift; path = LoginController.swift; sourceTree = "<group>"; };
		03509D682A81A51900A11ECC /* RegistrationController.swift */ = {isa = PBXFileReference; lastKnownFileType = sourcecode.swift; path = RegistrationController.swift; sourceTree = "<group>"; };
/* End PBXFileReference section */

/* Begin PBXFrameworksBuildPhase section */
		03509D382A81857F00A11ECC /* Frameworks */ = {
			isa = PBXFrameworksBuildPhase;
			buildActionMask = 2147483647;
			files = (
			);
			runOnlyForDeploymentPostprocessing = 0;
		};
/* End PBXFrameworksBuildPhase section */

/* Begin PBXGroup section */
		03509D322A81857F00A11ECC = {
			isa = PBXGroup;
			children = (
				03509D3D2A81857F00A11ECC /* TwitterTutorial */,
				03509D3C2A81857F00A11ECC /* Products */,
			);
			sourceTree = "<group>";
		};
		03509D3C2A81857F00A11ECC /* Products */ = {
			isa = PBXGroup;
			children = (
				03509D3B2A81857F00A11ECC /* TwitterTutorial.app */,
			);
			name = Products;
			sourceTree = "<group>";
		};
		03509D3D2A81857F00A11ECC /* TwitterTutorial */ = {
			isa = PBXGroup;
			children = (
				03509D572A81859500A11ECC /* Utils */,
				03509D562A81859400A11ECC /* API */,
				03509D552A81859200A11ECC /* ViewModel */,
				03509D542A81859100A11ECC /* Controller */,
				03509D532A81858F00A11ECC /* View */,
				03509D522A81858800A11ECC /* Model */,
				03509D3E2A81857F00A11ECC /* AppDelegate.swift */,
				03509D402A81857F00A11ECC /* SceneDelegate.swift */,
				03509D442A81857F00A11ECC /* Main.storyboard */,
				03509D472A81858100A11ECC /* Assets.xcassets */,
				03509D492A81858100A11ECC /* LaunchScreen.storyboard */,
				03509D4C2A81858100A11ECC /* Info.plist */,
			);
			path = TwitterTutorial;
			sourceTree = "<group>";
		};
		03509D522A81858800A11ECC /* Model */ = {
			isa = PBXGroup;
			children = (
			);
			path = Model;
			sourceTree = "<group>";
		};
		03509D532A81858F00A11ECC /* View */ = {
			isa = PBXGroup;
			children = (
			);
			path = View;
			sourceTree = "<group>";
		};
		03509D542A81859100A11ECC /* Controller */ = {
			isa = PBXGroup;
			children = (
				03509D642A81A32500A11ECC /* Authentication */,
				03509D582A81862A00A11ECC /* MainTabController.swift */,
				03509D5A2A8188EB00A11ECC /* FeedController.swift */,
				03509D5C2A81891D00A11ECC /* ExploreController.swift */,
				03509D5E2A81893400A11ECC /* NotificationsController.swift */,
				03509D602A81894200A11ECC /* ConversationsController.swift */,
			);
			path = Controller;
			sourceTree = "<group>";
		};
		03509D552A81859200A11ECC /* ViewModel */ = {
			isa = PBXGroup;
			children = (
			);
			path = ViewModel;
			sourceTree = "<group>";
		};
		03509D562A81859400A11ECC /* API */ = {
			isa = PBXGroup;
			children = (
			);
			path = API;
			sourceTree = "<group>";
		};
		03509D572A81859500A11ECC /* Utils */ = {
			isa = PBXGroup;
			children = (
				03509D622A8190A100A11ECC /* Extensions.swift */,
			);
			path = Utils;
			sourceTree = "<group>";
		};
		03509D642A81A32500A11ECC /* Authentication */ = {
			isa = PBXGroup;
			children = (
				03509D662A81A4C700A11ECC /* LoginController.swift */,
				03509D682A81A51900A11ECC /* RegistrationController.swift */,
			);
			path = Authentication;
			sourceTree = "<group>";
		};
/* End PBXGroup section */

/* Begin PBXNativeTarget section */
		03509D3A2A81857F00A11ECC /* TwitterTutorial */ = {
			isa = PBXNativeTarget;
			buildConfigurationList = 03509D4F2A81858100A11ECC /* Build configuration list for PBXNativeTarget "TwitterTutorial" */;
			buildPhases = (
				03509D372A81857F00A11ECC /* Sources */,
				03509D382A81857F00A11ECC /* Frameworks */,
				03509D392A81857F00A11ECC /* Resources */,
			);
			buildRules = (
			);
			dependencies = (
			);
			name = TwitterTutorial;
			productName = TwitterTutorial;
			productReference = 03509D3B2A81857F00A11ECC /* TwitterTutorial.app */;
			productType = "com.apple.product-type.application";
		};
/* End PBXNativeTarget section */

/* Begin PBXProject section */
		03509D332A81857F00A11ECC /* Project object */ = {
			isa = PBXProject;
			attributes = {
				BuildIndependentTargetsInParallel = 1;
				LastSwiftUpdateCheck = 1420;
				LastUpgradeCheck = 1420;
				TargetAttributes = {
					03509D3A2A81857F00A11ECC = {
						CreatedOnToolsVersion = 14.2;
					};
				};
			};
			buildConfigurationList = 03509D362A81857F00A11ECC /* Build configuration list for PBXProject "TwitterTutorial" */;
			compatibilityVersion = "Xcode 14.0";
			developmentRegion = en;
			hasScannedForEncodings = 0;
			knownRegions = (
				en,
				Base,
			);
			mainGroup = 03509D322A81857F00A11ECC;
			productRefGroup = 03509D3C2A81857F00A11ECC /* Products */;
			projectDirPath = "";
			projectRoot = "";
			targets = (
				03509D3A2A81857F00A11ECC /* TwitterTutorial */,
			);
		};
/* End PBXProject section */

/* Begin PBXResourcesBuildPhase section */
		03509D392A81857F00A11ECC /* Resources */ = {
			isa = PBXResourcesBuildPhase;
			buildActionMask = 2147483647;
			files = (
				03509D4B2A81858100A11ECC /* LaunchScreen.storyboard in Resources */,
				03509D482A81858100A11ECC /* Assets.xcassets in Resources */,
				03509D462A81857F00A11ECC /* Main.storyboard in Resources */,
			);
			runOnlyForDeploymentPostprocessing = 0;
		};
/* End PBXResourcesBuildPhase section */

/* Begin PBXSourcesBuildPhase section */
		03509D372A81857F00A11ECC /* Sources */ = {
			isa = PBXSourcesBuildPhase;
			buildActionMask = 2147483647;
			files = (
				03509D5F2A81893400A11ECC /* NotificationsController.swift in Sources */,
				03509D612A81894200A11ECC /* ConversationsController.swift in Sources */,
				03509D5B2A8188EB00A11ECC /* FeedController.swift in Sources */,
				03509D632A8190A100A11ECC /* Extensions.swift in Sources */,
				03509D672A81A4C700A11ECC /* LoginController.swift in Sources */,
				03509D5D2A81891D00A11ECC /* ExploreController.swift in Sources */,
				03509D3F2A81857F00A11ECC /* AppDelegate.swift in Sources */,
				03509D412A81857F00A11ECC /* SceneDelegate.swift in Sources */,
				03509D692A81A51900A11ECC /* RegistrationController.swift in Sources */,
				03509D592A81862A00A11ECC /* MainTabController.swift in Sources */,
			);
			runOnlyForDeploymentPostprocessing = 0;
		};
/* End PBXSourcesBuildPhase section */

/* Begin PBXVariantGroup section */
		03509D442A81857F00A11ECC /* Main.storyboard */ = {
			isa = PBXVariantGroup;
			children = (
				03509D452A81857F00A11ECC /* Base */,
			);
			name = Main.storyboard;
			sourceTree = "<group>";
		};
		03509D492A81858100A11ECC /* LaunchScreen.storyboard */ = {
			isa = PBXVariantGroup;
			children = (
				03509D4A2A81858100A11ECC /* Base */,
			);
			name = LaunchScreen.storyboard;
			sourceTree = "<group>";
		};
/* End PBXVariantGroup section */

/* Begin XCBuildConfiguration section */
		03509D4D2A81858100A11ECC /* Debug */ = {
			isa = XCBuildConfiguration;
			buildSettings = {
				ALWAYS_SEARCH_USER_PATHS = NO;
				CLANG_ANALYZER_NONNULL = YES;
				CLANG_ANALYZER_NUMBER_OBJECT_CONVERSION = YES_AGGRESSIVE;
				CLANG_CXX_LANGUAGE_STANDARD = "gnu++20";
				CLANG_ENABLE_MODULES = YES;
				CLANG_ENABLE_OBJC_ARC = YES;
				CLANG_ENABLE_OBJC_WEAK = YES;
				CLANG_WARN_BLOCK_CAPTURE_AUTORELEASING = YES;
				CLANG_WARN_BOOL_CONVERSION = YES;
				CLANG_WARN_COMMA = YES;
				CLANG_WARN_CONSTANT_CONVERSION = YES;
				CLANG_WARN_DEPRECATED_OBJC_IMPLEMENTATIONS = YES;
				CLANG_WARN_DIRECT_OBJC_ISA_USAGE = YES_ERROR;
				CLANG_WARN_DOCUMENTATION_COMMENTS = YES;
				CLANG_WARN_EMPTY_BODY = YES;
				CLANG_WARN_ENUM_CONVERSION = YES;
				CLANG_WARN_INFINITE_RECURSION = YES;
				CLANG_WARN_INT_CONVERSION = YES;
				CLANG_WARN_NON_LITERAL_NULL_CONVERSION = YES;
				CLANG_WARN_OBJC_IMPLICIT_RETAIN_SELF = YES;
				CLANG_WARN_OBJC_LITERAL_CONVERSION = YES;
				CLANG_WARN_OBJC_ROOT_CLASS = YES_ERROR;
				CLANG_WARN_QUOTED_INCLUDE_IN_FRAMEWORK_HEADER = YES;
				CLANG_WARN_RANGE_LOOP_ANALYSIS = YES;
				CLANG_WARN_STRICT_PROTOTYPES = YES;
				CLANG_WARN_SUSPICIOUS_MOVE = YES;
				CLANG_WARN_UNGUARDED_AVAILABILITY = YES_AGGRESSIVE;
				CLANG_WARN_UNREACHABLE_CODE = YES;
				CLANG_WARN__DUPLICATE_METHOD_MATCH = YES;
				COPY_PHASE_STRIP = NO;
				DEBUG_INFORMATION_FORMAT = dwarf;
				ENABLE_STRICT_OBJC_MSGSEND = YES;
				ENABLE_TESTABILITY = YES;
				GCC_C_LANGUAGE_STANDARD = gnu11;
				GCC_DYNAMIC_NO_PIC = NO;
				GCC_NO_COMMON_BLOCKS = YES;
				GCC_OPTIMIZATION_LEVEL = 0;
				GCC_PREPROCESSOR_DEFINITIONS = (
					"DEBUG=1",
					"$(inherited)",
				);
				GCC_WARN_64_TO_32_BIT_CONVERSION = YES;
				GCC_WARN_ABOUT_RETURN_TYPE = YES_ERROR;
				GCC_WARN_UNDECLARED_SELECTOR = YES;
				GCC_WARN_UNINITIALIZED_AUTOS = YES_AGGRESSIVE;
				GCC_WARN_UNUSED_FUNCTION = YES;
				GCC_WARN_UNUSED_VARIABLE = YES;
				IPHONEOS_DEPLOYMENT_TARGET = 16.2;
				MTL_ENABLE_DEBUG_INFO = INCLUDE_SOURCE;
				MTL_FAST_MATH = YES;
				ONLY_ACTIVE_ARCH = YES;
				SDKROOT = iphoneos;
				SWIFT_ACTIVE_COMPILATION_CONDITIONS = DEBUG;
				SWIFT_OPTIMIZATION_LEVEL = "-Onone";
			};
			name = Debug;
		};
		03509D4E2A81858100A11ECC /* Release */ = {
			isa = XCBuildConfiguration;
			buildSettings = {
				ALWAYS_SEARCH_USER_PATHS = NO;
				CLANG_ANALYZER_NONNULL = YES;
				CLANG_ANALYZER_NUMBER_OBJECT_CONVERSION = YES_AGGRESSIVE;
				CLANG_CXX_LANGUAGE_STANDARD = "gnu++20";
				CLANG_ENABLE_MODULES = YES;
				CLANG_ENABLE_OBJC_ARC = YES;
				CLANG_ENABLE_OBJC_WEAK = YES;
				CLANG_WARN_BLOCK_CAPTURE_AUTORELEASING = YES;
				CLANG_WARN_BOOL_CONVERSION = YES;
				CLANG_WARN_COMMA = YES;
				CLANG_WARN_CONSTANT_CONVERSION = YES;
				CLANG_WARN_DEPRECATED_OBJC_IMPLEMENTATIONS = YES;
				CLANG_WARN_DIRECT_OBJC_ISA_USAGE = YES_ERROR;
				CLANG_WARN_DOCUMENTATION_COMMENTS = YES;
				CLANG_WARN_EMPTY_BODY = YES;
				CLANG_WARN_ENUM_CONVERSION = YES;
				CLANG_WARN_INFINITE_RECURSION = YES;
				CLANG_WARN_INT_CONVERSION = YES;
				CLANG_WARN_NON_LITERAL_NULL_CONVERSION = YES;
				CLANG_WARN_OBJC_IMPLICIT_RETAIN_SELF = YES;
				CLANG_WARN_OBJC_LITERAL_CONVERSION = YES;
				CLANG_WARN_OBJC_ROOT_CLASS = YES_ERROR;
				CLANG_WARN_QUOTED_INCLUDE_IN_FRAMEWORK_HEADER = YES;
				CLANG_WARN_RANGE_LOOP_ANALYSIS = YES;
				CLANG_WARN_STRICT_PROTOTYPES = YES;
				CLANG_WARN_SUSPICIOUS_MOVE = YES;
				CLANG_WARN_UNGUARDED_AVAILABILITY = YES_AGGRESSIVE;
				CLANG_WARN_UNREACHABLE_CODE = YES;
				CLANG_WARN__DUPLICATE_METHOD_MATCH = YES;
				COPY_PHASE_STRIP = NO;
				DEBUG_INFORMATION_FORMAT = "dwarf-with-dsym";
				ENABLE_NS_ASSERTIONS = NO;
				ENABLE_STRICT_OBJC_MSGSEND = YES;
				GCC_C_LANGUAGE_STANDARD = gnu11;
				GCC_NO_COMMON_BLOCKS = YES;
				GCC_WARN_64_TO_32_BIT_CONVERSION = YES;
				GCC_WARN_ABOUT_RETURN_TYPE = YES_ERROR;
				GCC_WARN_UNDECLARED_SELECTOR = YES;
				GCC_WARN_UNINITIALIZED_AUTOS = YES_AGGRESSIVE;
				GCC_WARN_UNUSED_FUNCTION = YES;
				GCC_WARN_UNUSED_VARIABLE = YES;
				IPHONEOS_DEPLOYMENT_TARGET = 16.2;
				MTL_ENABLE_DEBUG_INFO = NO;
				MTL_FAST_MATH = YES;
				SDKROOT = iphoneos;
				SWIFT_COMPILATION_MODE = wholemodule;
				SWIFT_OPTIMIZATION_LEVEL = "-O";
				VALIDATE_PRODUCT = YES;
			};
			name = Release;
		};
		03509D502A81858100A11ECC /* Debug */ = {
			isa = XCBuildConfiguration;
			buildSettings = {
				ASSETCATALOG_COMPILER_APPICON_NAME = AppIcon;
				ASSETCATALOG_COMPILER_GLOBAL_ACCENT_COLOR_NAME = AccentColor;
				CODE_SIGN_STYLE = Automatic;
				CURRENT_PROJECT_VERSION = 1;
				GENERATE_INFOPLIST_FILE = YES;
				INFOPLIST_FILE = TwitterTutorial/Info.plist;
				INFOPLIST_KEY_UIApplicationSupportsIndirectInputEvents = YES;
				INFOPLIST_KEY_UILaunchStoryboardName = LaunchScreen;
				INFOPLIST_KEY_UIMainStoryboardFile = Main;
				INFOPLIST_KEY_UISupportedInterfaceOrientations_iPad = "UIInterfaceOrientationPortrait UIInterfaceOrientationPortraitUpsideDown UIInterfaceOrientationLandscapeLeft UIInterfaceOrientationLandscapeRight";
				INFOPLIST_KEY_UISupportedInterfaceOrientations_iPhone = "UIInterfaceOrientationPortrait UIInterfaceOrientationLandscapeLeft UIInterfaceOrientationLandscapeRight";
				LD_RUNPATH_SEARCH_PATHS = (
					"$(inherited)",
					"@executable_path/Frameworks",
				);
				MARKETING_VERSION = 1.0;
				PRODUCT_BUNDLE_IDENTIFIER = com.naaram.TwitterTutorial;
				PRODUCT_NAME = "$(TARGET_NAME)";
				SWIFT_EMIT_LOC_STRINGS = YES;
				SWIFT_VERSION = 5.0;
				TARGETED_DEVICE_FAMILY = "1,2";
			};
			name = Debug;
		};
		03509D512A81858100A11ECC /* Release */ = {
			isa = XCBuildConfiguration;
			buildSettings = {
				ASSETCATALOG_COMPILER_APPICON_NAME = AppIcon;
				ASSETCATALOG_COMPILER_GLOBAL_ACCENT_COLOR_NAME = AccentColor;
				CODE_SIGN_STYLE = Automatic;
				CURRENT_PROJECT_VERSION = 1;
				GENERATE_INFOPLIST_FILE = YES;
				INFOPLIST_FILE = TwitterTutorial/Info.plist;
				INFOPLIST_KEY_UIApplicationSupportsIndirectInputEvents = YES;
				INFOPLIST_KEY_UILaunchStoryboardName = LaunchScreen;
				INFOPLIST_KEY_UIMainStoryboardFile = Main;
				INFOPLIST_KEY_UISupportedInterfaceOrientations_iPad = "UIInterfaceOrientationPortrait UIInterfaceOrientationPortraitUpsideDown UIInterfaceOrientationLandscapeLeft UIInterfaceOrientationLandscapeRight";
				INFOPLIST_KEY_UISupportedInterfaceOrientations_iPhone = "UIInterfaceOrientationPortrait UIInterfaceOrientationLandscapeLeft UIInterfaceOrientationLandscapeRight";
				LD_RUNPATH_SEARCH_PATHS = (
					"$(inherited)",
					"@executable_path/Frameworks",
				);
				MARKETING_VERSION = 1.0;
				PRODUCT_BUNDLE_IDENTIFIER = com.naaram.TwitterTutorial;
				PRODUCT_NAME = "$(TARGET_NAME)";
				SWIFT_EMIT_LOC_STRINGS = YES;
				SWIFT_VERSION = 5.0;
				TARGETED_DEVICE_FAMILY = "1,2";
			};
			name = Release;
		};
/* End XCBuildConfiguration section */

/* Begin XCConfigurationList section */
		03509D362A81857F00A11ECC /* Build configuration list for PBXProject "TwitterTutorial" */ = {
			isa = XCConfigurationList;
			buildConfigurations = (
				03509D4D2A81858100A11ECC /* Debug */,
				03509D4E2A81858100A11ECC /* Release */,
			);
			defaultConfigurationIsVisible = 0;
			defaultConfigurationName = Release;
		};
		03509D4F2A81858100A11ECC /* Build configuration list for PBXNativeTarget "TwitterTutorial" */ = {
			isa = XCConfigurationList;
			buildConfigurations = (
				03509D502A81858100A11ECC /* Debug */,
				03509D512A81858100A11ECC /* Release */,
			);
			defaultConfigurationIsVisible = 0;
			defaultConfigurationName = Release;
		};
/* End XCConfigurationList section */
	};
	rootObject = 03509D332A81857F00A11ECC /* Project object */;
}
