// !$*UTF8*$!
{
	archiveVersion = 1;
	classes = {
	};
	objectVersion = 56;
	objects = {

/* Begin PBXBuildFile section */
		03509D972A82D96500A11ECC /* MovieFanApp.swift in Sources */ = {isa = PBXBuildFile; fileRef = 03509D962A82D96500A11ECC /* MovieFanApp.swift */; };
		03509D992A82D96500A11ECC /* ContentView.swift in Sources */ = {isa = PBXBuildFile; fileRef = 03509D982A82D96500A11ECC /* ContentView.swift */; };
		03509D9B2A82D96700A11ECC /* Assets.xcassets in Resources */ = {isa = PBXBuildFile; fileRef = 03509D9A2A82D96700A11ECC /* Assets.xcassets */; };
		03509D9E2A82D96700A11ECC /* Preview Assets.xcassets in Resources */ = {isa = PBXBuildFile; fileRef = 03509D9D2A82D96700A11ECC /* Preview Assets.xcassets */; };
		03509DA82A82D96800A11ECC /* MovieFanTests.swift in Sources */ = {isa = PBXBuildFile; fileRef = 03509DA72A82D96800A11ECC /* MovieFanTests.swift */; };
		03509DB22A82D96800A11ECC /* MovieFanUITests.swift in Sources */ = {isa = PBXBuildFile; fileRef = 03509DB12A82D96800A11ECC /* MovieFanUITests.swift */; };
		03509DB42A82D96800A11ECC /* MovieFanUITestsLaunchTests.swift in Sources */ = {isa = PBXBuildFile; fileRef = 03509DB32A82D96800A11ECC /* MovieFanUITestsLaunchTests.swift */; };
/* End PBXBuildFile section */

/* Begin PBXContainerItemProxy section */
		03509DA42A82D96800A11ECC /* PBXContainerItemProxy */ = {
			isa = PBXContainerItemProxy;
			containerPortal = 03509D8B2A82D96500A11ECC /* Project object */;
			proxyType = 1;
			remoteGlobalIDString = 03509D922A82D96500A11ECC;
			remoteInfo = MovieFan;
		};
		03509DAE2A82D96800A11ECC /* PBXContainerItemProxy */ = {
			isa = PBXContainerItemProxy;
			containerPortal = 03509D8B2A82D96500A11ECC /* Project object */;
			proxyType = 1;
			remoteGlobalIDString = 03509D922A82D96500A11ECC;
			remoteInfo = MovieFan;
		};
/* End PBXContainerItemProxy section */

/* Begin PBXFileReference section */
		03509D932A82D96500A11ECC /* MovieFan.app */ = {isa = PBXFileReference; explicitFileType = wrapper.application; includeInIndex = 0; path = MovieFan.app; sourceTree = BUILT_PRODUCTS_DIR; };
		03509D962A82D96500A11ECC /* MovieFanApp.swift */ = {isa = PBXFileReference; lastKnownFileType = sourcecode.swift; path = MovieFanApp.swift; sourceTree = "<group>"; };
		03509D982A82D96500A11ECC /* ContentView.swift */ = {isa = PBXFileReference; lastKnownFileType = sourcecode.swift; path = ContentView.swift; sourceTree = "<group>"; };
		03509D9A2A82D96700A11ECC /* Assets.xcassets */ = {isa = PBXFileReference; lastKnownFileType = folder.assetcatalog; path = Assets.xcassets; sourceTree = "<group>"; };
		03509D9D2A82D96700A11ECC /* Preview Assets.xcassets */ = {isa = PBXFileReference; lastKnownFileType = folder.assetcatalog; path = "Preview Assets.xcassets"; sourceTree = "<group>"; };
		03509DA32A82D96800A11ECC /* MovieFanTests.xctest */ = {isa = PBXFileReference; explicitFileType = wrapper.cfbundle; includeInIndex = 0; path = MovieFanTests.xctest; sourceTree = BUILT_PRODUCTS_DIR; };
		03509DA72A82D96800A11ECC /* MovieFanTests.swift */ = {isa = PBXFileReference; lastKnownFileType = sourcecode.swift; path = MovieFanTests.swift; sourceTree = "<group>"; };
		03509DAD2A82D96800A11ECC /* MovieFanUITests.xctest */ = {isa = PBXFileReference; explicitFileType = wrapper.cfbundle; includeInIndex = 0; path = MovieFanUITests.xctest; sourceTree = BUILT_PRODUCTS_DIR; };
		03509DB12A82D96800A11ECC /* MovieFanUITests.swift */ = {isa = PBXFileReference; lastKnownFileType = sourcecode.swift; path = MovieFanUITests.swift; sourceTree = "<group>"; };
		03509DB32A82D96800A11ECC /* MovieFanUITestsLaunchTests.swift */ = {isa = PBXFileReference; lastKnownFileType = sourcecode.swift; path = MovieFanUITestsLaunchTests.swift; sourceTree = "<group>"; };
/* End PBXFileReference section */

/* Begin PBXFrameworksBuildPhase section */
		03509D902A82D96500A11ECC /* Frameworks */ = {
			isa = PBXFrameworksBuildPhase;
			buildActionMask = 2147483647;
			files = (
			);
			runOnlyForDeploymentPostprocessing = 0;
		};
		03509DA02A82D96800A11ECC /* Frameworks */ = {
			isa = PBXFrameworksBuildPhase;
			buildActionMask = 2147483647;
			files = (
			);
			runOnlyForDeploymentPostprocessing = 0;
		};
		03509DAA2A82D96800A11ECC /* Frameworks */ = {
			isa = PBXFrameworksBuildPhase;
			buildActionMask = 2147483647;
			files = (
			);
			runOnlyForDeploymentPostprocessing = 0;
		};
/* End PBXFrameworksBuildPhase section */

/* Begin PBXGroup section */
		03509D8A2A82D96500A11ECC = {
			isa = PBXGroup;
			children = (
				03509D952A82D96500A11ECC /* MovieFan */,
				03509DA62A82D96800A11ECC /* MovieFanTests */,
				03509DB02A82D96800A11ECC /* MovieFanUITests */,
				03509D942A82D96500A11ECC /* Products */,
			);
			sourceTree = "<group>";
		};
		03509D942A82D96500A11ECC /* Products */ = {
			isa = PBXGroup;
			children = (
				03509D932A82D96500A11ECC /* MovieFan.app */,
				03509DA32A82D96800A11ECC /* MovieFanTests.xctest */,
				03509DAD2A82D96800A11ECC /* MovieFanUITests.xctest */,
			);
			name = Products;
			sourceTree = "<group>";
		};
		03509D952A82D96500A11ECC /* MovieFan */ = {
			isa = PBXGroup;
			children = (
				03509D962A82D96500A11ECC /* MovieFanApp.swift */,
				03509D982A82D96500A11ECC /* ContentView.swift */,
				03509D9A2A82D96700A11ECC /* Assets.xcassets */,
				03509D9C2A82D96700A11ECC /* Preview Content */,
			);
			path = MovieFan;
			sourceTree = "<group>";
		};
		03509D9C2A82D96700A11ECC /* Preview Content */ = {
			isa = PBXGroup;
			children = (
				03509D9D2A82D96700A11ECC /* Preview Assets.xcassets */,
			);
			path = "Preview Content";
			sourceTree = "<group>";
		};
		03509DA62A82D96800A11ECC /* MovieFanTests */ = {
			isa = PBXGroup;
			children = (
				03509DA72A82D96800A11ECC /* MovieFanTests.swift */,
			);
			path = MovieFanTests;
			sourceTree = "<group>";
		};
		03509DB02A82D96800A11ECC /* MovieFanUITests */ = {
			isa = PBXGroup;
			children = (
				03509DB12A82D96800A11ECC /* MovieFanUITests.swift */,
				03509DB32A82D96800A11ECC /* MovieFanUITestsLaunchTests.swift */,
			);
			path = MovieFanUITests;
			sourceTree = "<group>";
		};
/* End PBXGroup section */

/* Begin PBXNativeTarget section */
		03509D922A82D96500A11ECC /* MovieFan */ = {
			isa = PBXNativeTarget;
			buildConfigurationList = 03509DB72A82D96800A11ECC /* Build configuration list for PBXNativeTarget "MovieFan" */;
			buildPhases = (
				03509D8F2A82D96500A11ECC /* Sources */,
				03509D902A82D96500A11ECC /* Frameworks */,
				03509D912A82D96500A11ECC /* Resources */,
			);
			buildRules = (
			);
			dependencies = (
			);
			name = MovieFan;
			productName = MovieFan;
			productReference = 03509D932A82D96500A11ECC /* MovieFan.app */;
			productType = "com.apple.product-type.application";
		};
		03509DA22A82D96800A11ECC /* MovieFanTests */ = {
			isa = PBXNativeTarget;
			buildConfigurationList = 03509DBA2A82D96800A11ECC /* Build configuration list for PBXNativeTarget "MovieFanTests" */;
			buildPhases = (
				03509D9F2A82D96800A11ECC /* Sources */,
				03509DA02A82D96800A11ECC /* Frameworks */,
				03509DA12A82D96800A11ECC /* Resources */,
			);
			buildRules = (
			);
			dependencies = (
				03509DA52A82D96800A11ECC /* PBXTargetDependency */,
			);
			name = MovieFanTests;
			productName = MovieFanTests;
			productReference = 03509DA32A82D96800A11ECC /* MovieFanTests.xctest */;
			productType = "com.apple.product-type.bundle.unit-test";
		};
		03509DAC2A82D96800A11ECC /* MovieFanUITests */ = {
			isa = PBXNativeTarget;
			buildConfigurationList = 03509DBD2A82D96800A11ECC /* Build configuration list for PBXNativeTarget "MovieFanUITests" */;
			buildPhases = (
				03509DA92A82D96800A11ECC /* Sources */,
				03509DAA2A82D96800A11ECC /* Frameworks */,
				03509DAB2A82D96800A11ECC /* Resources */,
			);
			buildRules = (
			);
			dependencies = (
				03509DAF2A82D96800A11ECC /* PBXTargetDependency */,
			);
			name = MovieFanUITests;
			productName = MovieFanUITests;
			productReference = 03509DAD2A82D96800A11ECC /* MovieFanUITests.xctest */;
			productType = "com.apple.product-type.bundle.ui-testing";
		};
/* End PBXNativeTarget section */

/* Begin PBXProject section */
		03509D8B2A82D96500A11ECC /* Project object */ = {
			isa = PBXProject;
			attributes = {
				BuildIndependentTargetsInParallel = 1;
				LastSwiftUpdateCheck = 1420;
				LastUpgradeCheck = 1420;
				TargetAttributes = {
					03509D922A82D96500A11ECC = {
						CreatedOnToolsVersion = 14.2;
					};
					03509DA22A82D96800A11ECC = {
						CreatedOnToolsVersion = 14.2;
						TestTargetID = 03509D922A82D96500A11ECC;
					};
					03509DAC2A82D96800A11ECC = {
						CreatedOnToolsVersion = 14.2;
						TestTargetID = 03509D922A82D96500A11ECC;
					};
				};
			};
			buildConfigurationList = 03509D8E2A82D96500A11ECC /* Build configuration list for PBXProject "MovieFan" */;
			compatibilityVersion = "Xcode 14.0";
			developmentRegion = en;
			hasScannedForEncodings = 0;
			knownRegions = (
				en,
				Base,
			);
			mainGroup = 03509D8A2A82D96500A11ECC;
			productRefGroup = 03509D942A82D96500A11ECC /* Products */;
			projectDirPath = "";
			projectRoot = "";
			targets = (
				03509D922A82D96500A11ECC /* MovieFan */,
				03509DA22A82D96800A11ECC /* MovieFanTests */,
				03509DAC2A82D96800A11ECC /* MovieFanUITests */,
			);
		};
/* End PBXProject section */

/* Begin PBXResourcesBuildPhase section */
		03509D912A82D96500A11ECC /* Resources */ = {
			isa = PBXResourcesBuildPhase;
			buildActionMask = 2147483647;
			files = (
				03509D9E2A82D96700A11ECC /* Preview Assets.xcassets in Resources */,
				03509D9B2A82D96700A11ECC /* Assets.xcassets in Resources */,
			);
			runOnlyForDeploymentPostprocessing = 0;
		};
		03509DA12A82D96800A11ECC /* Resources */ = {
			isa = PBXResourcesBuildPhase;
			buildActionMask = 2147483647;
			files = (
			);
			runOnlyForDeploymentPostprocessing = 0;
		};
		03509DAB2A82D96800A11ECC /* Resources */ = {
			isa = PBXResourcesBuildPhase;
			buildActionMask = 2147483647;
			files = (
			);
			runOnlyForDeploymentPostprocessing = 0;
		};
/* End PBXResourcesBuildPhase section */

/* Begin PBXSourcesBuildPhase section */
		03509D8F2A82D96500A11ECC /* Sources */ = {
			isa = PBXSourcesBuildPhase;
			buildActionMask = 2147483647;
			files = (
				03509D992A82D96500A11ECC /* ContentView.swift in Sources */,
				03509D972A82D96500A11ECC /* MovieFanApp.swift in Sources */,
			);
			runOnlyForDeploymentPostprocessing = 0;
		};
		03509D9F2A82D96800A11ECC /* Sources */ = {
			isa = PBXSourcesBuildPhase;
			buildActionMask = 2147483647;
			files = (
				03509DA82A82D96800A11ECC /* MovieFanTests.swift in Sources */,
			);
			runOnlyForDeploymentPostprocessing = 0;
		};
		03509DA92A82D96800A11ECC /* Sources */ = {
			isa = PBXSourcesBuildPhase;
			buildActionMask = 2147483647;
			files = (
				03509DB42A82D96800A11ECC /* MovieFanUITestsLaunchTests.swift in Sources */,
				03509DB22A82D96800A11ECC /* MovieFanUITests.swift in Sources */,
			);
			runOnlyForDeploymentPostprocessing = 0;
		};
/* End PBXSourcesBuildPhase section */

/* Begin PBXTargetDependency section */
		03509DA52A82D96800A11ECC /* PBXTargetDependency */ = {
			isa = PBXTargetDependency;
			target = 03509D922A82D96500A11ECC /* MovieFan */;
			targetProxy = 03509DA42A82D96800A11ECC /* PBXContainerItemProxy */;
		};
		03509DAF2A82D96800A11ECC /* PBXTargetDependency */ = {
			isa = PBXTargetDependency;
			target = 03509D922A82D96500A11ECC /* MovieFan */;
			targetProxy = 03509DAE2A82D96800A11ECC /* PBXContainerItemProxy */;
		};
/* End PBXTargetDependency section */

/* Begin XCBuildConfiguration section */
		03509DB52A82D96800A11ECC /* Debug */ = {
			isa = XCBuildConfiguration;
			buildSettings = {
				ALWAYS_SEARCH_USER_PATHS = NO;
				CLANG_ANALYZER_NONNULL = YES;
				CLANG_ANALYZER_NUMBER_OBJECT_CONVERSION = YES_AGGRESSIVE;
				CLANG_CXX_LANGUAGE_STANDARD = "gnu++20";
				CLANG_ENABLE_MODULES = YES;
				CLANG_ENABLE_OBJC_ARC = YES;
				CLANG_ENABLE_OBJC_WEAK = YES;
				CLANG_WARN_BLOCK_CAPTURE_AUTORELEASING = YES;
				CLANG_WARN_BOOL_CONVERSION = YES;
				CLANG_WARN_COMMA = YES;
				CLANG_WARN_CONSTANT_CONVERSION = YES;
				CLANG_WARN_DEPRECATED_OBJC_IMPLEMENTATIONS = YES;
				CLANG_WARN_DIRECT_OBJC_ISA_USAGE = YES_ERROR;
				CLANG_WARN_DOCUMENTATION_COMMENTS = YES;
				CLANG_WARN_EMPTY_BODY = YES;
				CLANG_WARN_ENUM_CONVERSION = YES;
				CLANG_WARN_INFINITE_RECURSION = YES;
				CLANG_WARN_INT_CONVERSION = YES;
				CLANG_WARN_NON_LITERAL_NULL_CONVERSION = YES;
				CLANG_WARN_OBJC_IMPLICIT_RETAIN_SELF = YES;
				CLANG_WARN_OBJC_LITERAL_CONVERSION = YES;
				CLANG_WARN_OBJC_ROOT_CLASS = YES_ERROR;
				CLANG_WARN_QUOTED_INCLUDE_IN_FRAMEWORK_HEADER = YES;
				CLANG_WARN_RANGE_LOOP_ANALYSIS = YES;
				CLANG_WARN_STRICT_PROTOTYPES = YES;
				CLANG_WARN_SUSPICIOUS_MOVE = YES;
				CLANG_WARN_UNGUARDED_AVAILABILITY = YES_AGGRESSIVE;
				CLANG_WARN_UNREACHABLE_CODE = YES;
				CLANG_WARN__DUPLICATE_METHOD_MATCH = YES;
				COPY_PHASE_STRIP = NO;
				DEBUG_INFORMATION_FORMAT = dwarf;
				ENABLE_STRICT_OBJC_MSGSEND = YES;
				ENABLE_TESTABILITY = YES;
				GCC_C_LANGUAGE_STANDARD = gnu11;
				GCC_DYNAMIC_NO_PIC = NO;
				GCC_NO_COMMON_BLOCKS = YES;
				GCC_OPTIMIZATION_LEVEL = 0;
				GCC_PREPROCESSOR_DEFINITIONS = (
					"DEBUG=1",
					"$(inherited)",
				);
				GCC_WARN_64_TO_32_BIT_CONVERSION = YES;
				GCC_WARN_ABOUT_RETURN_TYPE = YES_ERROR;
				GCC_WARN_UNDECLARED_SELECTOR = YES;
				GCC_WARN_UNINITIALIZED_AUTOS = YES_AGGRESSIVE;
				GCC_WARN_UNUSED_FUNCTION = YES;
				GCC_WARN_UNUSED_VARIABLE = YES;
				IPHONEOS_DEPLOYMENT_TARGET = 16.2;
				MTL_ENABLE_DEBUG_INFO = INCLUDE_SOURCE;
				MTL_FAST_MATH = YES;
				ONLY_ACTIVE_ARCH = YES;
				SDKROOT = iphoneos;
				SWIFT_ACTIVE_COMPILATION_CONDITIONS = DEBUG;
				SWIFT_OPTIMIZATION_LEVEL = "-Onone";
			};
			name = Debug;
		};
		03509DB62A82D96800A11ECC /* Release */ = {
			isa = XCBuildConfiguration;
			buildSettings = {
				ALWAYS_SEARCH_USER_PATHS = NO;
				CLANG_ANALYZER_NONNULL = YES;
				CLANG_ANALYZER_NUMBER_OBJECT_CONVERSION = YES_AGGRESSIVE;
				CLANG_CXX_LANGUAGE_STANDARD = "gnu++20";
				CLANG_ENABLE_MODULES = YES;
				CLANG_ENABLE_OBJC_ARC = YES;
				CLANG_ENABLE_OBJC_WEAK = YES;
				CLANG_WARN_BLOCK_CAPTURE_AUTORELEASING = YES;
				CLANG_WARN_BOOL_CONVERSION = YES;
				CLANG_WARN_COMMA = YES;
				CLANG_WARN_CONSTANT_CONVERSION = YES;
				CLANG_WARN_DEPRECATED_OBJC_IMPLEMENTATIONS = YES;
				CLANG_WARN_DIRECT_OBJC_ISA_USAGE = YES_ERROR;
				CLANG_WARN_DOCUMENTATION_COMMENTS = YES;
				CLANG_WARN_EMPTY_BODY = YES;
				CLANG_WARN_ENUM_CONVERSION = YES;
				CLANG_WARN_INFINITE_RECURSION = YES;
				CLANG_WARN_INT_CONVERSION = YES;
				CLANG_WARN_NON_LITERAL_NULL_CONVERSION = YES;
				CLANG_WARN_OBJC_IMPLICIT_RETAIN_SELF = YES;
				CLANG_WARN_OBJC_LITERAL_CONVERSION = YES;
				CLANG_WARN_OBJC_ROOT_CLASS = YES_ERROR;
				CLANG_WARN_QUOTED_INCLUDE_IN_FRAMEWORK_HEADER = YES;
				CLANG_WARN_RANGE_LOOP_ANALYSIS = YES;
				CLANG_WARN_STRICT_PROTOTYPES = YES;
				CLANG_WARN_SUSPICIOUS_MOVE = YES;
				CLANG_WARN_UNGUARDED_AVAILABILITY = YES_AGGRESSIVE;
				CLANG_WARN_UNREACHABLE_CODE = YES;
				CLANG_WARN__DUPLICATE_METHOD_MATCH = YES;
				COPY_PHASE_STRIP = NO;
				DEBUG_INFORMATION_FORMAT = "dwarf-with-dsym";
				ENABLE_NS_ASSERTIONS = NO;
				ENABLE_STRICT_OBJC_MSGSEND = YES;
				GCC_C_LANGUAGE_STANDARD = gnu11;
				GCC_NO_COMMON_BLOCKS = YES;
				GCC_WARN_64_TO_32_BIT_CONVERSION = YES;
				GCC_WARN_ABOUT_RETURN_TYPE = YES_ERROR;
				GCC_WARN_UNDECLARED_SELECTOR = YES;
				GCC_WARN_UNINITIALIZED_AUTOS = YES_AGGRESSIVE;
				GCC_WARN_UNUSED_FUNCTION = YES;
				GCC_WARN_UNUSED_VARIABLE = YES;
				IPHONEOS_DEPLOYMENT_TARGET = 16.2;
				MTL_ENABLE_DEBUG_INFO = NO;
				MTL_FAST_MATH = YES;
				SDKROOT = iphoneos;
				SWIFT_COMPILATION_MODE = wholemodule;
				SWIFT_OPTIMIZATION_LEVEL = "-O";
				VALIDATE_PRODUCT = YES;
			};
			name = Release;
		};
		03509DB82A82D96800A11ECC /* Debug */ = {
			isa = XCBuildConfiguration;
			buildSettings = {
				ASSETCATALOG_COMPILER_APPICON_NAME = AppIcon;
				ASSETCATALOG_COMPILER_GLOBAL_ACCENT_COLOR_NAME = AccentColor;
				CODE_SIGN_STYLE = Automatic;
				CURRENT_PROJECT_VERSION = 1;
				DEVELOPMENT_ASSET_PATHS = "\"MovieFan/Preview Content\"";
				ENABLE_PREVIEWS = YES;
				GENERATE_INFOPLIST_FILE = YES;
				INFOPLIST_KEY_UIApplicationSceneManifest_Generation = YES;
				INFOPLIST_KEY_UIApplicationSupportsIndirectInputEvents = YES;
				INFOPLIST_KEY_UILaunchScreen_Generation = YES;
				INFOPLIST_KEY_UISupportedInterfaceOrientations_iPad = "UIInterfaceOrientationPortrait UIInterfaceOrientationPortraitUpsideDown UIInterfaceOrientationLandscapeLeft UIInterfaceOrientationLandscapeRight";
				INFOPLIST_KEY_UISupportedInterfaceOrientations_iPhone = "UIInterfaceOrientationPortrait UIInterfaceOrientationLandscapeLeft UIInterfaceOrientationLandscapeRight";
				LD_RUNPATH_SEARCH_PATHS = (
					"$(inherited)",
					"@executable_path/Frameworks",
				);
				MARKETING_VERSION = 1.0;
				PRODUCT_BUNDLE_IDENTIFIER = com.naaram.MovieFan;
				PRODUCT_NAME = "$(TARGET_NAME)";
				SWIFT_EMIT_LOC_STRINGS = YES;
				SWIFT_VERSION = 5.0;
				TARGETED_DEVICE_FAMILY = "1,2";
			};
			name = Debug;
		};
		03509DB92A82D96800A11ECC /* Release */ = {
			isa = XCBuildConfiguration;
			buildSettings = {
				ASSETCATALOG_COMPILER_APPICON_NAME = AppIcon;
				ASSETCATALOG_COMPILER_GLOBAL_ACCENT_COLOR_NAME = AccentColor;
				CODE_SIGN_STYLE = Automatic;
				CURRENT_PROJECT_VERSION = 1;
				DEVELOPMENT_ASSET_PATHS = "\"MovieFan/Preview Content\"";
				ENABLE_PREVIEWS = YES;
				GENERATE_INFOPLIST_FILE = YES;
				INFOPLIST_KEY_UIApplicationSceneManifest_Generation = YES;
				INFOPLIST_KEY_UIApplicationSupportsIndirectInputEvents = YES;
				INFOPLIST_KEY_UILaunchScreen_Generation = YES;
				INFOPLIST_KEY_UISupportedInterfaceOrientations_iPad = "UIInterfaceOrientationPortrait UIInterfaceOrientationPortraitUpsideDown UIInterfaceOrientationLandscapeLeft UIInterfaceOrientationLandscapeRight";
				INFOPLIST_KEY_UISupportedInterfaceOrientations_iPhone = "UIInterfaceOrientationPortrait UIInterfaceOrientationLandscapeLeft UIInterfaceOrientationLandscapeRight";
				LD_RUNPATH_SEARCH_PATHS = (
					"$(inherited)",
					"@executable_path/Frameworks",
				);
				MARKETING_VERSION = 1.0;
				PRODUCT_BUNDLE_IDENTIFIER = com.naaram.MovieFan;
				PRODUCT_NAME = "$(TARGET_NAME)";
				SWIFT_EMIT_LOC_STRINGS = YES;
				SWIFT_VERSION = 5.0;
				TARGETED_DEVICE_FAMILY = "1,2";
			};
			name = Release;
		};
		03509DBB2A82D96800A11ECC /* Debug */ = {
			isa = XCBuildConfiguration;
			buildSettings = {
				ALWAYS_EMBED_SWIFT_STANDARD_LIBRARIES = YES;
				BUNDLE_LOADER = "$(TEST_HOST)";
				CODE_SIGN_STYLE = Automatic;
				CURRENT_PROJECT_VERSION = 1;
				GENERATE_INFOPLIST_FILE = YES;
				IPHONEOS_DEPLOYMENT_TARGET = 16.2;
				MARKETING_VERSION = 1.0;
				PRODUCT_BUNDLE_IDENTIFIER = com.naaram.MovieFanTests;
				PRODUCT_NAME = "$(TARGET_NAME)";
				SWIFT_EMIT_LOC_STRINGS = NO;
				SWIFT_VERSION = 5.0;
				TARGETED_DEVICE_FAMILY = "1,2";
				TEST_HOST = "$(BUILT_PRODUCTS_DIR)/MovieFan.app/$(BUNDLE_EXECUTABLE_FOLDER_PATH)/MovieFan";
			};
			name = Debug;
		};
		03509DBC2A82D96800A11ECC /* Release */ = {
			isa = XCBuildConfiguration;
			buildSettings = {
				ALWAYS_EMBED_SWIFT_STANDARD_LIBRARIES = YES;
				BUNDLE_LOADER = "$(TEST_HOST)";
				CODE_SIGN_STYLE = Automatic;
				CURRENT_PROJECT_VERSION = 1;
				GENERATE_INFOPLIST_FILE = YES;
				IPHONEOS_DEPLOYMENT_TARGET = 16.2;
				MARKETING_VERSION = 1.0;
				PRODUCT_BUNDLE_IDENTIFIER = com.naaram.MovieFanTests;
				PRODUCT_NAME = "$(TARGET_NAME)";
				SWIFT_EMIT_LOC_STRINGS = NO;
				SWIFT_VERSION = 5.0;
				TARGETED_DEVICE_FAMILY = "1,2";
				TEST_HOST = "$(BUILT_PRODUCTS_DIR)/MovieFan.app/$(BUNDLE_EXECUTABLE_FOLDER_PATH)/MovieFan";
			};
			name = Release;
		};
		03509DBE2A82D96800A11ECC /* Debug */ = {
			isa = XCBuildConfiguration;
			buildSettings = {
				ALWAYS_EMBED_SWIFT_STANDARD_LIBRARIES = YES;
				CODE_SIGN_STYLE = Automatic;
				CURRENT_PROJECT_VERSION = 1;
				GENERATE_INFOPLIST_FILE = YES;
				MARKETING_VERSION = 1.0;
				PRODUCT_BUNDLE_IDENTIFIER = com.naaram.MovieFanUITests;
				PRODUCT_NAME = "$(TARGET_NAME)";
				SWIFT_EMIT_LOC_STRINGS = NO;
				SWIFT_VERSION = 5.0;
				TARGETED_DEVICE_FAMILY = "1,2";
				TEST_TARGET_NAME = MovieFan;
			};
			name = Debug;
		};
		03509DBF2A82D96800A11ECC /* Release */ = {
			isa = XCBuildConfiguration;
			buildSettings = {
				ALWAYS_EMBED_SWIFT_STANDARD_LIBRARIES = YES;
				CODE_SIGN_STYLE = Automatic;
				CURRENT_PROJECT_VERSION = 1;
				GENERATE_INFOPLIST_FILE = YES;
				MARKETING_VERSION = 1.0;
				PRODUCT_BUNDLE_IDENTIFIER = com.naaram.MovieFanUITests;
				PRODUCT_NAME = "$(TARGET_NAME)";
				SWIFT_EMIT_LOC_STRINGS = NO;
				SWIFT_VERSION = 5.0;
				TARGETED_DEVICE_FAMILY = "1,2";
				TEST_TARGET_NAME = MovieFan;
			};
			name = Release;
		};
/* End XCBuildConfiguration section */

/* Begin XCConfigurationList section */
		03509D8E2A82D96500A11ECC /* Build configuration list for PBXProject "MovieFan" */ = {
			isa = XCConfigurationList;
			buildConfigurations = (
				03509DB52A82D96800A11ECC /* Debug */,
				03509DB62A82D96800A11ECC /* Release */,
			);
			defaultConfigurationIsVisible = 0;
			defaultConfigurationName = Release;
		};
		03509DB72A82D96800A11ECC /* Build configuration list for PBXNativeTarget "MovieFan" */ = {
			isa = XCConfigurationList;
			buildConfigurations = (
				03509DB82A82D96800A11ECC /* Debug */,
				03509DB92A82D96800A11ECC /* Release */,
			);
			defaultConfigurationIsVisible = 0;
			defaultConfigurationName = Release;
		};
		03509DBA2A82D96800A11ECC /* Build configuration list for PBXNativeTarget "MovieFanTests" */ = {
			isa = XCConfigurationList;
			buildConfigurations = (
				03509DBB2A82D96800A11ECC /* Debug */,
				03509DBC2A82D96800A11ECC /* Release */,
			);
			defaultConfigurationIsVisible = 0;
			defaultConfigurationName = Release;
		};
		03509DBD2A82D96800A11ECC /* Build configuration list for PBXNativeTarget "MovieFanUITests" */ = {
			isa = XCConfigurationList;
			buildConfigurations = (
				03509DBE2A82D96800A11ECC /* Debug */,
				03509DBF2A82D96800A11ECC /* Release */,
			);
			defaultConfigurationIsVisible = 0;
			defaultConfigurationName = Release;
		};
/* End XCConfigurationList section */
	};
	rootObject = 03509D8B2A82D96500A11ECC /* Project object */;
}
