// !$*UTF8*$!
{
	archiveVersion = 1;
	classes = {
	};
	objectVersion = 56;
	objects = {

/* Begin PBXBuildFile section */
		420ED6B02A96E12200BB6996 /* NavigationAnimationApp.swift in Sources */ = {isa = PBXBuildFile; fileRef = 420ED6AF2A96E12200BB6996 /* NavigationAnimationApp.swift */; };
		420ED6B22A96E12200BB6996 /* ContentView.swift in Sources */ = {isa = PBXBuildFile; fileRef = 420ED6B12A96E12200BB6996 /* ContentView.swift */; };
		420ED6B42A96E12300BB6996 /* Assets.xcassets in Resources */ = {isa = PBXBuildFile; fileRef = 420ED6B32A96E12300BB6996 /* Assets.xcassets */; };
		420ED6B72A96E12300BB6996 /* Preview Assets.xcassets in Resources */ = {isa = PBXBuildFile; fileRef = 420ED6B62A96E12300BB6996 /* Preview Assets.xcassets */; };
		420ED6C12A96E12300BB6996 /* NavigationAnimationTests.swift in Sources */ = {isa = PBXBuildFile; fileRef = 420ED6C02A96E12300BB6996 /* NavigationAnimationTests.swift */; };
		420ED6CB2A96E12300BB6996 /* NavigationAnimationUITests.swift in Sources */ = {isa = PBXBuildFile; fileRef = 420ED6CA2A96E12300BB6996 /* NavigationAnimationUITests.swift */; };
		420ED6CD2A96E12300BB6996 /* NavigationAnimationUITestsLaunchTests.swift in Sources */ = {isa = PBXBuildFile; fileRef = 420ED6CC2A96E12300BB6996 /* NavigationAnimationUITestsLaunchTests.swift */; };
		420ED6DB2A96E14B00BB6996 /* Movie.swift in Sources */ = {isa = PBXBuildFile; fileRef = 420ED6DA2A96E14B00BB6996 /* Movie.swift */; };
		420ED6DD2A96E80300BB6996 /* MovieDetailView.swift in Sources */ = {isa = PBXBuildFile; fileRef = 420ED6DC2A96E80300BB6996 /* MovieDetailView.swift */; };
		420ED6E02A96EF8E00BB6996 /* NavigationTransitions in Frameworks */ = {isa = PBXBuildFile; productRef = 420ED6DF2A96EF8E00BB6996 /* NavigationTransitions */; };
/* End PBXBuildFile section */

/* Begin PBXContainerItemProxy section */
		420ED6BD2A96E12300BB6996 /* PBXContainerItemProxy */ = {
			isa = PBXContainerItemProxy;
			containerPortal = 420ED6A42A96E12100BB6996 /* Project object */;
			proxyType = 1;
			remoteGlobalIDString = 420ED6AB2A96E12200BB6996;
			remoteInfo = NavigationAnimation;
		};
		420ED6C72A96E12300BB6996 /* PBXContainerItemProxy */ = {
			isa = PBXContainerItemProxy;
			containerPortal = 420ED6A42A96E12100BB6996 /* Project object */;
			proxyType = 1;
			remoteGlobalIDString = 420ED6AB2A96E12200BB6996;
			remoteInfo = NavigationAnimation;
		};
/* End PBXContainerItemProxy section */

/* Begin PBXFileReference section */
		420ED6AC2A96E12200BB6996 /* NavigationAnimation.app */ = {isa = PBXFileReference; explicitFileType = wrapper.application; includeInIndex = 0; path = NavigationAnimation.app; sourceTree = BUILT_PRODUCTS_DIR; };
		420ED6AF2A96E12200BB6996 /* NavigationAnimationApp.swift */ = {isa = PBXFileReference; lastKnownFileType = sourcecode.swift; path = NavigationAnimationApp.swift; sourceTree = "<group>"; };
		420ED6B12A96E12200BB6996 /* ContentView.swift */ = {isa = PBXFileReference; lastKnownFileType = sourcecode.swift; path = ContentView.swift; sourceTree = "<group>"; };
		420ED6B32A96E12300BB6996 /* Assets.xcassets */ = {isa = PBXFileReference; lastKnownFileType = folder.assetcatalog; path = Assets.xcassets; sourceTree = "<group>"; };
		420ED6B62A96E12300BB6996 /* Preview Assets.xcassets */ = {isa = PBXFileReference; lastKnownFileType = folder.assetcatalog; path = "Preview Assets.xcassets"; sourceTree = "<group>"; };
		420ED6BC2A96E12300BB6996 /* NavigationAnimationTests.xctest */ = {isa = PBXFileReference; explicitFileType = wrapper.cfbundle; includeInIndex = 0; path = NavigationAnimationTests.xctest; sourceTree = BUILT_PRODUCTS_DIR; };
		420ED6C02A96E12300BB6996 /* NavigationAnimationTests.swift */ = {isa = PBXFileReference; lastKnownFileType = sourcecode.swift; path = NavigationAnimationTests.swift; sourceTree = "<group>"; };
		420ED6C62A96E12300BB6996 /* NavigationAnimationUITests.xctest */ = {isa = PBXFileReference; explicitFileType = wrapper.cfbundle; includeInIndex = 0; path = NavigationAnimationUITests.xctest; sourceTree = BUILT_PRODUCTS_DIR; };
		420ED6CA2A96E12300BB6996 /* NavigationAnimationUITests.swift */ = {isa = PBXFileReference; lastKnownFileType = sourcecode.swift; path = NavigationAnimationUITests.swift; sourceTree = "<group>"; };
		420ED6CC2A96E12300BB6996 /* NavigationAnimationUITestsLaunchTests.swift */ = {isa = PBXFileReference; lastKnownFileType = sourcecode.swift; path = NavigationAnimationUITestsLaunchTests.swift; sourceTree = "<group>"; };
		420ED6DA2A96E14B00BB6996 /* Movie.swift */ = {isa = PBXFileReference; lastKnownFileType = sourcecode.swift; path = Movie.swift; sourceTree = "<group>"; };
		420ED6DC2A96E80300BB6996 /* MovieDetailView.swift */ = {isa = PBXFileReference; lastKnownFileType = sourcecode.swift; path = MovieDetailView.swift; sourceTree = "<group>"; };
/* End PBXFileReference section */

/* Begin PBXFrameworksBuildPhase section */
		420ED6A92A96E12200BB6996 /* Frameworks */ = {
			isa = PBXFrameworksBuildPhase;
			buildActionMask = 2147483647;
			files = (
				420ED6E02A96EF8E00BB6996 /* NavigationTransitions in Frameworks */,
			);
			runOnlyForDeploymentPostprocessing = 0;
		};
		420ED6B92A96E12300BB6996 /* Frameworks */ = {
			isa = PBXFrameworksBuildPhase;
			buildActionMask = 2147483647;
			files = (
			);
			runOnlyForDeploymentPostprocessing = 0;
		};
		420ED6C32A96E12300BB6996 /* Frameworks */ = {
			isa = PBXFrameworksBuildPhase;
			buildActionMask = 2147483647;
			files = (
			);
			runOnlyForDeploymentPostprocessing = 0;
		};
/* End PBXFrameworksBuildPhase section */

/* Begin PBXGroup section */
		420ED6A32A96E12100BB6996 = {
			isa = PBXGroup;
			children = (
				420ED6AE2A96E12200BB6996 /* NavigationAnimation */,
				420ED6BF2A96E12300BB6996 /* NavigationAnimationTests */,
				420ED6C92A96E12300BB6996 /* NavigationAnimationUITests */,
				420ED6AD2A96E12200BB6996 /* Products */,
			);
			sourceTree = "<group>";
		};
		420ED6AD2A96E12200BB6996 /* Products */ = {
			isa = PBXGroup;
			children = (
				420ED6AC2A96E12200BB6996 /* NavigationAnimation.app */,
				420ED6BC2A96E12300BB6996 /* NavigationAnimationTests.xctest */,
				420ED6C62A96E12300BB6996 /* NavigationAnimationUITests.xctest */,
			);
			name = Products;
			sourceTree = "<group>";
		};
		420ED6AE2A96E12200BB6996 /* NavigationAnimation */ = {
			isa = PBXGroup;
			children = (
				420ED6D92A96E14000BB6996 /* Model */,
				420ED6AF2A96E12200BB6996 /* NavigationAnimationApp.swift */,
				420ED6B12A96E12200BB6996 /* ContentView.swift */,
				420ED6B32A96E12300BB6996 /* Assets.xcassets */,
				420ED6B52A96E12300BB6996 /* Preview Content */,
				420ED6DC2A96E80300BB6996 /* MovieDetailView.swift */,
			);
			path = NavigationAnimation;
			sourceTree = "<group>";
		};
		420ED6B52A96E12300BB6996 /* Preview Content */ = {
			isa = PBXGroup;
			children = (
				420ED6B62A96E12300BB6996 /* Preview Assets.xcassets */,
			);
			path = "Preview Content";
			sourceTree = "<group>";
		};
		420ED6BF2A96E12300BB6996 /* NavigationAnimationTests */ = {
			isa = PBXGroup;
			children = (
				420ED6C02A96E12300BB6996 /* NavigationAnimationTests.swift */,
			);
			path = NavigationAnimationTests;
			sourceTree = "<group>";
		};
		420ED6C92A96E12300BB6996 /* NavigationAnimationUITests */ = {
			isa = PBXGroup;
			children = (
				420ED6CA2A96E12300BB6996 /* NavigationAnimationUITests.swift */,
				420ED6CC2A96E12300BB6996 /* NavigationAnimationUITestsLaunchTests.swift */,
			);
			path = NavigationAnimationUITests;
			sourceTree = "<group>";
		};
		420ED6D92A96E14000BB6996 /* Model */ = {
			isa = PBXGroup;
			children = (
				420ED6DA2A96E14B00BB6996 /* Movie.swift */,
			);
			path = Model;
			sourceTree = "<group>";
		};
/* End PBXGroup section */

/* Begin PBXNativeTarget section */
		420ED6AB2A96E12200BB6996 /* NavigationAnimation */ = {
			isa = PBXNativeTarget;
			buildConfigurationList = 420ED6D02A96E12300BB6996 /* Build configuration list for PBXNativeTarget "NavigationAnimation" */;
			buildPhases = (
				420ED6A82A96E12200BB6996 /* Sources */,
				420ED6A92A96E12200BB6996 /* Frameworks */,
				420ED6AA2A96E12200BB6996 /* Resources */,
			);
			buildRules = (
			);
			dependencies = (
			);
			name = NavigationAnimation;
			packageProductDependencies = (
				420ED6DF2A96EF8E00BB6996 /* NavigationTransitions */,
			);
			productName = NavigationAnimation;
			productReference = 420ED6AC2A96E12200BB6996 /* NavigationAnimation.app */;
			productType = "com.apple.product-type.application";
		};
		420ED6BB2A96E12300BB6996 /* NavigationAnimationTests */ = {
			isa = PBXNativeTarget;
			buildConfigurationList = 420ED6D32A96E12300BB6996 /* Build configuration list for PBXNativeTarget "NavigationAnimationTests" */;
			buildPhases = (
				420ED6B82A96E12300BB6996 /* Sources */,
				420ED6B92A96E12300BB6996 /* Frameworks */,
				420ED6BA2A96E12300BB6996 /* Resources */,
			);
			buildRules = (
			);
			dependencies = (
				420ED6BE2A96E12300BB6996 /* PBXTargetDependency */,
			);
			name = NavigationAnimationTests;
			productName = NavigationAnimationTests;
			productReference = 420ED6BC2A96E12300BB6996 /* NavigationAnimationTests.xctest */;
			productType = "com.apple.product-type.bundle.unit-test";
		};
		420ED6C52A96E12300BB6996 /* NavigationAnimationUITests */ = {
			isa = PBXNativeTarget;
			buildConfigurationList = 420ED6D62A96E12300BB6996 /* Build configuration list for PBXNativeTarget "NavigationAnimationUITests" */;
			buildPhases = (
				420ED6C22A96E12300BB6996 /* Sources */,
				420ED6C32A96E12300BB6996 /* Frameworks */,
				420ED6C42A96E12300BB6996 /* Resources */,
			);
			buildRules = (
			);
			dependencies = (
				420ED6C82A96E12300BB6996 /* PBXTargetDependency */,
			);
			name = NavigationAnimationUITests;
			productName = NavigationAnimationUITests;
			productReference = 420ED6C62A96E12300BB6996 /* NavigationAnimationUITests.xctest */;
			productType = "com.apple.product-type.bundle.ui-testing";
		};
/* End PBXNativeTarget section */

/* Begin PBXProject section */
		420ED6A42A96E12100BB6996 /* Project object */ = {
			isa = PBXProject;
			attributes = {
				BuildIndependentTargetsInParallel = 1;
				LastSwiftUpdateCheck = 1430;
				LastUpgradeCheck = 1430;
				TargetAttributes = {
					420ED6AB2A96E12200BB6996 = {
						CreatedOnToolsVersion = 14.3.1;
					};
					420ED6BB2A96E12300BB6996 = {
						CreatedOnToolsVersion = 14.3.1;
						TestTargetID = 420ED6AB2A96E12200BB6996;
					};
					420ED6C52A96E12300BB6996 = {
						CreatedOnToolsVersion = 14.3.1;
						TestTargetID = 420ED6AB2A96E12200BB6996;
					};
				};
			};
			buildConfigurationList = 420ED6A72A96E12100BB6996 /* Build configuration list for PBXProject "NavigationAnimation" */;
			compatibilityVersion = "Xcode 14.0";
			developmentRegion = en;
			hasScannedForEncodings = 0;
			knownRegions = (
				en,
				Base,
			);
			mainGroup = 420ED6A32A96E12100BB6996;
			packageReferences = (
				420ED6DE2A96EF8E00BB6996 /* XCRemoteSwiftPackageReference "swiftui-navigation-transitions" */,
			);
			productRefGroup = 420ED6AD2A96E12200BB6996 /* Products */;
			projectDirPath = "";
			projectRoot = "";
			targets = (
				420ED6AB2A96E12200BB6996 /* NavigationAnimation */,
				420ED6BB2A96E12300BB6996 /* NavigationAnimationTests */,
				420ED6C52A96E12300BB6996 /* NavigationAnimationUITests */,
			);
		};
/* End PBXProject section */

/* Begin PBXResourcesBuildPhase section */
		420ED6AA2A96E12200BB6996 /* Resources */ = {
			isa = PBXResourcesBuildPhase;
			buildActionMask = 2147483647;
			files = (
				420ED6B72A96E12300BB6996 /* Preview Assets.xcassets in Resources */,
				420ED6B42A96E12300BB6996 /* Assets.xcassets in Resources */,
			);
			runOnlyForDeploymentPostprocessing = 0;
		};
		420ED6BA2A96E12300BB6996 /* Resources */ = {
			isa = PBXResourcesBuildPhase;
			buildActionMask = 2147483647;
			files = (
			);
			runOnlyForDeploymentPostprocessing = 0;
		};
		420ED6C42A96E12300BB6996 /* Resources */ = {
			isa = PBXResourcesBuildPhase;
			buildActionMask = 2147483647;
			files = (
			);
			runOnlyForDeploymentPostprocessing = 0;
		};
/* End PBXResourcesBuildPhase section */

/* Begin PBXSourcesBuildPhase section */
		420ED6A82A96E12200BB6996 /* Sources */ = {
			isa = PBXSourcesBuildPhase;
			buildActionMask = 2147483647;
			files = (
				420ED6B22A96E12200BB6996 /* ContentView.swift in Sources */,
				420ED6B02A96E12200BB6996 /* NavigationAnimationApp.swift in Sources */,
				420ED6DD2A96E80300BB6996 /* MovieDetailView.swift in Sources */,
				420ED6DB2A96E14B00BB6996 /* Movie.swift in Sources */,
			);
			runOnlyForDeploymentPostprocessing = 0;
		};
		420ED6B82A96E12300BB6996 /* Sources */ = {
			isa = PBXSourcesBuildPhase;
			buildActionMask = 2147483647;
			files = (
				420ED6C12A96E12300BB6996 /* NavigationAnimationTests.swift in Sources */,
			);
			runOnlyForDeploymentPostprocessing = 0;
		};
		420ED6C22A96E12300BB6996 /* Sources */ = {
			isa = PBXSourcesBuildPhase;
			buildActionMask = 2147483647;
			files = (
				420ED6CB2A96E12300BB6996 /* NavigationAnimationUITests.swift in Sources */,
				420ED6CD2A96E12300BB6996 /* NavigationAnimationUITestsLaunchTests.swift in Sources */,
			);
			runOnlyForDeploymentPostprocessing = 0;
		};
/* End PBXSourcesBuildPhase section */

/* Begin PBXTargetDependency section */
		420ED6BE2A96E12300BB6996 /* PBXTargetDependency */ = {
			isa = PBXTargetDependency;
			target = 420ED6AB2A96E12200BB6996 /* NavigationAnimation */;
			targetProxy = 420ED6BD2A96E12300BB6996 /* PBXContainerItemProxy */;
		};
		420ED6C82A96E12300BB6996 /* PBXTargetDependency */ = {
			isa = PBXTargetDependency;
			target = 420ED6AB2A96E12200BB6996 /* NavigationAnimation */;
			targetProxy = 420ED6C72A96E12300BB6996 /* PBXContainerItemProxy */;
		};
/* End PBXTargetDependency section */

/* Begin XCBuildConfiguration section */
		420ED6CE2A96E12300BB6996 /* Debug */ = {
			isa = XCBuildConfiguration;
			buildSettings = {
				ALWAYS_SEARCH_USER_PATHS = NO;
				CLANG_ANALYZER_NONNULL = YES;
				CLANG_ANALYZER_NUMBER_OBJECT_CONVERSION = YES_AGGRESSIVE;
				CLANG_CXX_LANGUAGE_STANDARD = "gnu++20";
				CLANG_ENABLE_MODULES = YES;
				CLANG_ENABLE_OBJC_ARC = YES;
				CLANG_ENABLE_OBJC_WEAK = YES;
				CLANG_WARN_BLOCK_CAPTURE_AUTORELEASING = YES;
				CLANG_WARN_BOOL_CONVERSION = YES;
				CLANG_WARN_COMMA = YES;
				CLANG_WARN_CONSTANT_CONVERSION = YES;
				CLANG_WARN_DEPRECATED_OBJC_IMPLEMENTATIONS = YES;
				CLANG_WARN_DIRECT_OBJC_ISA_USAGE = YES_ERROR;
				CLANG_WARN_DOCUMENTATION_COMMENTS = YES;
				CLANG_WARN_EMPTY_BODY = YES;
				CLANG_WARN_ENUM_CONVERSION = YES;
				CLANG_WARN_INFINITE_RECURSION = YES;
				CLANG_WARN_INT_CONVERSION = YES;
				CLANG_WARN_NON_LITERAL_NULL_CONVERSION = YES;
				CLANG_WARN_OBJC_IMPLICIT_RETAIN_SELF = YES;
				CLANG_WARN_OBJC_LITERAL_CONVERSION = YES;
				CLANG_WARN_OBJC_ROOT_CLASS = YES_ERROR;
				CLANG_WARN_QUOTED_INCLUDE_IN_FRAMEWORK_HEADER = YES;
				CLANG_WARN_RANGE_LOOP_ANALYSIS = YES;
				CLANG_WARN_STRICT_PROTOTYPES = YES;
				CLANG_WARN_SUSPICIOUS_MOVE = YES;
				CLANG_WARN_UNGUARDED_AVAILABILITY = YES_AGGRESSIVE;
				CLANG_WARN_UNREACHABLE_CODE = YES;
				CLANG_WARN__DUPLICATE_METHOD_MATCH = YES;
				COPY_PHASE_STRIP = NO;
				DEBUG_INFORMATION_FORMAT = dwarf;
				ENABLE_STRICT_OBJC_MSGSEND = YES;
				ENABLE_TESTABILITY = YES;
				GCC_C_LANGUAGE_STANDARD = gnu11;
				GCC_DYNAMIC_NO_PIC = NO;
				GCC_NO_COMMON_BLOCKS = YES;
				GCC_OPTIMIZATION_LEVEL = 0;
				GCC_PREPROCESSOR_DEFINITIONS = (
					"DEBUG=1",
					"$(inherited)",
				);
				GCC_WARN_64_TO_32_BIT_CONVERSION = YES;
				GCC_WARN_ABOUT_RETURN_TYPE = YES_ERROR;
				GCC_WARN_UNDECLARED_SELECTOR = YES;
				GCC_WARN_UNINITIALIZED_AUTOS = YES_AGGRESSIVE;
				GCC_WARN_UNUSED_FUNCTION = YES;
				GCC_WARN_UNUSED_VARIABLE = YES;
				IPHONEOS_DEPLOYMENT_TARGET = 16.4;
				MTL_ENABLE_DEBUG_INFO = INCLUDE_SOURCE;
				MTL_FAST_MATH = YES;
				ONLY_ACTIVE_ARCH = YES;
				SDKROOT = iphoneos;
				SWIFT_ACTIVE_COMPILATION_CONDITIONS = DEBUG;
				SWIFT_OPTIMIZATION_LEVEL = "-Onone";
			};
			name = Debug;
		};
		420ED6CF2A96E12300BB6996 /* Release */ = {
			isa = XCBuildConfiguration;
			buildSettings = {
				ALWAYS_SEARCH_USER_PATHS = NO;
				CLANG_ANALYZER_NONNULL = YES;
				CLANG_ANALYZER_NUMBER_OBJECT_CONVERSION = YES_AGGRESSIVE;
				CLANG_CXX_LANGUAGE_STANDARD = "gnu++20";
				CLANG_ENABLE_MODULES = YES;
				CLANG_ENABLE_OBJC_ARC = YES;
				CLANG_ENABLE_OBJC_WEAK = YES;
				CLANG_WARN_BLOCK_CAPTURE_AUTORELEASING = YES;
				CLANG_WARN_BOOL_CONVERSION = YES;
				CLANG_WARN_COMMA = YES;
				CLANG_WARN_CONSTANT_CONVERSION = YES;
				CLANG_WARN_DEPRECATED_OBJC_IMPLEMENTATIONS = YES;
				CLANG_WARN_DIRECT_OBJC_ISA_USAGE = YES_ERROR;
				CLANG_WARN_DOCUMENTATION_COMMENTS = YES;
				CLANG_WARN_EMPTY_BODY = YES;
				CLANG_WARN_ENUM_CONVERSION = YES;
				CLANG_WARN_INFINITE_RECURSION = YES;
				CLANG_WARN_INT_CONVERSION = YES;
				CLANG_WARN_NON_LITERAL_NULL_CONVERSION = YES;
				CLANG_WARN_OBJC_IMPLICIT_RETAIN_SELF = YES;
				CLANG_WARN_OBJC_LITERAL_CONVERSION = YES;
				CLANG_WARN_OBJC_ROOT_CLASS = YES_ERROR;
				CLANG_WARN_QUOTED_INCLUDE_IN_FRAMEWORK_HEADER = YES;
				CLANG_WARN_RANGE_LOOP_ANALYSIS = YES;
				CLANG_WARN_STRICT_PROTOTYPES = YES;
				CLANG_WARN_SUSPICIOUS_MOVE = YES;
				CLANG_WARN_UNGUARDED_AVAILABILITY = YES_AGGRESSIVE;
				CLANG_WARN_UNREACHABLE_CODE = YES;
				CLANG_WARN__DUPLICATE_METHOD_MATCH = YES;
				COPY_PHASE_STRIP = NO;
				DEBUG_INFORMATION_FORMAT = "dwarf-with-dsym";
				ENABLE_NS_ASSERTIONS = NO;
				ENABLE_STRICT_OBJC_MSGSEND = YES;
				GCC_C_LANGUAGE_STANDARD = gnu11;
				GCC_NO_COMMON_BLOCKS = YES;
				GCC_WARN_64_TO_32_BIT_CONVERSION = YES;
				GCC_WARN_ABOUT_RETURN_TYPE = YES_ERROR;
				GCC_WARN_UNDECLARED_SELECTOR = YES;
				GCC_WARN_UNINITIALIZED_AUTOS = YES_AGGRESSIVE;
				GCC_WARN_UNUSED_FUNCTION = YES;
				GCC_WARN_UNUSED_VARIABLE = YES;
				IPHONEOS_DEPLOYMENT_TARGET = 16.4;
				MTL_ENABLE_DEBUG_INFO = NO;
				MTL_FAST_MATH = YES;
				SDKROOT = iphoneos;
				SWIFT_COMPILATION_MODE = wholemodule;
				SWIFT_OPTIMIZATION_LEVEL = "-O";
				VALIDATE_PRODUCT = YES;
			};
			name = Release;
		};
		420ED6D12A96E12300BB6996 /* Debug */ = {
			isa = XCBuildConfiguration;
			buildSettings = {
				ASSETCATALOG_COMPILER_APPICON_NAME = AppIcon;
				ASSETCATALOG_COMPILER_GLOBAL_ACCENT_COLOR_NAME = AccentColor;
				CODE_SIGN_STYLE = Automatic;
				CURRENT_PROJECT_VERSION = 1;
				DEVELOPMENT_ASSET_PATHS = "\"NavigationAnimation/Preview Content\"";
				ENABLE_PREVIEWS = YES;
				GENERATE_INFOPLIST_FILE = YES;
				INFOPLIST_KEY_UIApplicationSceneManifest_Generation = YES;
				INFOPLIST_KEY_UIApplicationSupportsIndirectInputEvents = YES;
				INFOPLIST_KEY_UILaunchScreen_Generation = YES;
				INFOPLIST_KEY_UISupportedInterfaceOrientations_iPad = "UIInterfaceOrientationPortrait UIInterfaceOrientationPortraitUpsideDown UIInterfaceOrientationLandscapeLeft UIInterfaceOrientationLandscapeRight";
				INFOPLIST_KEY_UISupportedInterfaceOrientations_iPhone = "UIInterfaceOrientationPortrait UIInterfaceOrientationLandscapeLeft UIInterfaceOrientationLandscapeRight";
				LD_RUNPATH_SEARCH_PATHS = (
					"$(inherited)",
					"@executable_path/Frameworks",
				);
				MARKETING_VERSION = 1.0;
				PRODUCT_BUNDLE_IDENTIFIER = com.naaram.NavigationAnimation;
				PRODUCT_NAME = "$(TARGET_NAME)";
				SWIFT_EMIT_LOC_STRINGS = YES;
				SWIFT_VERSION = 5.0;
				TARGETED_DEVICE_FAMILY = "1,2";
			};
			name = Debug;
		};
		420ED6D22A96E12300BB6996 /* Release */ = {
			isa = XCBuildConfiguration;
			buildSettings = {
				ASSETCATALOG_COMPILER_APPICON_NAME = AppIcon;
				ASSETCATALOG_COMPILER_GLOBAL_ACCENT_COLOR_NAME = AccentColor;
				CODE_SIGN_STYLE = Automatic;
				CURRENT_PROJECT_VERSION = 1;
				DEVELOPMENT_ASSET_PATHS = "\"NavigationAnimation/Preview Content\"";
				ENABLE_PREVIEWS = YES;
				GENERATE_INFOPLIST_FILE = YES;
				INFOPLIST_KEY_UIApplicationSceneManifest_Generation = YES;
				INFOPLIST_KEY_UIApplicationSupportsIndirectInputEvents = YES;
				INFOPLIST_KEY_UILaunchScreen_Generation = YES;
				INFOPLIST_KEY_UISupportedInterfaceOrientations_iPad = "UIInterfaceOrientationPortrait UIInterfaceOrientationPortraitUpsideDown UIInterfaceOrientationLandscapeLeft UIInterfaceOrientationLandscapeRight";
				INFOPLIST_KEY_UISupportedInterfaceOrientations_iPhone = "UIInterfaceOrientationPortrait UIInterfaceOrientationLandscapeLeft UIInterfaceOrientationLandscapeRight";
				LD_RUNPATH_SEARCH_PATHS = (
					"$(inherited)",
					"@executable_path/Frameworks",
				);
				MARKETING_VERSION = 1.0;
				PRODUCT_BUNDLE_IDENTIFIER = com.naaram.NavigationAnimation;
				PRODUCT_NAME = "$(TARGET_NAME)";
				SWIFT_EMIT_LOC_STRINGS = YES;
				SWIFT_VERSION = 5.0;
				TARGETED_DEVICE_FAMILY = "1,2";
			};
			name = Release;
		};
		420ED6D42A96E12300BB6996 /* Debug */ = {
			isa = XCBuildConfiguration;
			buildSettings = {
				ALWAYS_EMBED_SWIFT_STANDARD_LIBRARIES = YES;
				BUNDLE_LOADER = "$(TEST_HOST)";
				CODE_SIGN_STYLE = Automatic;
				CURRENT_PROJECT_VERSION = 1;
				GENERATE_INFOPLIST_FILE = YES;
				IPHONEOS_DEPLOYMENT_TARGET = 16.4;
				MARKETING_VERSION = 1.0;
				PRODUCT_BUNDLE_IDENTIFIER = com.naaram.NavigationAnimationTests;
				PRODUCT_NAME = "$(TARGET_NAME)";
				SWIFT_EMIT_LOC_STRINGS = NO;
				SWIFT_VERSION = 5.0;
				TARGETED_DEVICE_FAMILY = "1,2";
				TEST_HOST = "$(BUILT_PRODUCTS_DIR)/NavigationAnimation.app/$(BUNDLE_EXECUTABLE_FOLDER_PATH)/NavigationAnimation";
			};
			name = Debug;
		};
		420ED6D52A96E12300BB6996 /* Release */ = {
			isa = XCBuildConfiguration;
			buildSettings = {
				ALWAYS_EMBED_SWIFT_STANDARD_LIBRARIES = YES;
				BUNDLE_LOADER = "$(TEST_HOST)";
				CODE_SIGN_STYLE = Automatic;
				CURRENT_PROJECT_VERSION = 1;
				GENERATE_INFOPLIST_FILE = YES;
				IPHONEOS_DEPLOYMENT_TARGET = 16.4;
				MARKETING_VERSION = 1.0;
				PRODUCT_BUNDLE_IDENTIFIER = com.naaram.NavigationAnimationTests;
				PRODUCT_NAME = "$(TARGET_NAME)";
				SWIFT_EMIT_LOC_STRINGS = NO;
				SWIFT_VERSION = 5.0;
				TARGETED_DEVICE_FAMILY = "1,2";
				TEST_HOST = "$(BUILT_PRODUCTS_DIR)/NavigationAnimation.app/$(BUNDLE_EXECUTABLE_FOLDER_PATH)/NavigationAnimation";
			};
			name = Release;
		};
		420ED6D72A96E12300BB6996 /* Debug */ = {
			isa = XCBuildConfiguration;
			buildSettings = {
				ALWAYS_EMBED_SWIFT_STANDARD_LIBRARIES = YES;
				CODE_SIGN_STYLE = Automatic;
				CURRENT_PROJECT_VERSION = 1;
				GENERATE_INFOPLIST_FILE = YES;
				MARKETING_VERSION = 1.0;
				PRODUCT_BUNDLE_IDENTIFIER = com.naaram.NavigationAnimationUITests;
				PRODUCT_NAME = "$(TARGET_NAME)";
				SWIFT_EMIT_LOC_STRINGS = NO;
				SWIFT_VERSION = 5.0;
				TARGETED_DEVICE_FAMILY = "1,2";
				TEST_TARGET_NAME = NavigationAnimation;
			};
			name = Debug;
		};
		420ED6D82A96E12300BB6996 /* Release */ = {
			isa = XCBuildConfiguration;
			buildSettings = {
				ALWAYS_EMBED_SWIFT_STANDARD_LIBRARIES = YES;
				CODE_SIGN_STYLE = Automatic;
				CURRENT_PROJECT_VERSION = 1;
				GENERATE_INFOPLIST_FILE = YES;
				MARKETING_VERSION = 1.0;
				PRODUCT_BUNDLE_IDENTIFIER = com.naaram.NavigationAnimationUITests;
				PRODUCT_NAME = "$(TARGET_NAME)";
				SWIFT_EMIT_LOC_STRINGS = NO;
				SWIFT_VERSION = 5.0;
				TARGETED_DEVICE_FAMILY = "1,2";
				TEST_TARGET_NAME = NavigationAnimation;
			};
			name = Release;
		};
/* End XCBuildConfiguration section */

/* Begin XCConfigurationList section */
		420ED6A72A96E12100BB6996 /* Build configuration list for PBXProject "NavigationAnimation" */ = {
			isa = XCConfigurationList;
			buildConfigurations = (
				420ED6CE2A96E12300BB6996 /* Debug */,
				420ED6CF2A96E12300BB6996 /* Release */,
			);
			defaultConfigurationIsVisible = 0;
			defaultConfigurationName = Release;
		};
		420ED6D02A96E12300BB6996 /* Build configuration list for PBXNativeTarget "NavigationAnimation" */ = {
			isa = XCConfigurationList;
			buildConfigurations = (
				420ED6D12A96E12300BB6996 /* Debug */,
				420ED6D22A96E12300BB6996 /* Release */,
			);
			defaultConfigurationIsVisible = 0;
			defaultConfigurationName = Release;
		};
		420ED6D32A96E12300BB6996 /* Build configuration list for PBXNativeTarget "NavigationAnimationTests" */ = {
			isa = XCConfigurationList;
			buildConfigurations = (
				420ED6D42A96E12300BB6996 /* Debug */,
				420ED6D52A96E12300BB6996 /* Release */,
			);
			defaultConfigurationIsVisible = 0;
			defaultConfigurationName = Release;
		};
		420ED6D62A96E12300BB6996 /* Build configuration list for PBXNativeTarget "NavigationAnimationUITests" */ = {
			isa = XCConfigurationList;
			buildConfigurations = (
				420ED6D72A96E12300BB6996 /* Debug */,
				420ED6D82A96E12300BB6996 /* Release */,
			);
			defaultConfigurationIsVisible = 0;
			defaultConfigurationName = Release;
		};
/* End XCConfigurationList section */

/* Begin XCRemoteSwiftPackageReference section */
		420ED6DE2A96EF8E00BB6996 /* XCRemoteSwiftPackageReference "swiftui-navigation-transitions" */ = {
			isa = XCRemoteSwiftPackageReference;
			repositoryURL = "https://github.com/davdroman/swiftui-navigation-transitions";
			requirement = {
				kind = exactVersion;
				version = 0.11.0;
			};
		};
/* End XCRemoteSwiftPackageReference section */

/* Begin XCSwiftPackageProductDependency section */
		420ED6DF2A96EF8E00BB6996 /* NavigationTransitions */ = {
			isa = XCSwiftPackageProductDependency;
			package = 420ED6DE2A96EF8E00BB6996 /* XCRemoteSwiftPackageReference "swiftui-navigation-transitions" */;
			productName = NavigationTransitions;
		};
/* End XCSwiftPackageProductDependency section */
	};
	rootObject = 420ED6A42A96E12100BB6996 /* Project object */;
}
